// !$*UTF8*$!
{
	archiveVersion = 1;
	classes = {
	};
	objectVersion = 50;
	objects = {

/* Begin PBXBuildFile section */
		402C783526EF87C600E0FD77 /* AppOneApp.swift in Sources */ = {isa = PBXBuildFile; fileRef = 402C783426EF87C600E0FD77 /* AppOneApp.swift */; };
		402C783726EF87C600E0FD77 /* ContentView.swift in Sources */ = {isa = PBXBuildFile; fileRef = 402C783626EF87C600E0FD77 /* ContentView.swift */; };
		402C783926EF87C600E0FD77 /* Assets.xcassets in Resources */ = {isa = PBXBuildFile; fileRef = 402C783826EF87C600E0FD77 /* Assets.xcassets */; };
		402C783C26EF87C600E0FD77 /* Preview Assets.xcassets in Resources */ = {isa = PBXBuildFile; fileRef = 402C783B26EF87C600E0FD77 /* Preview Assets.xcassets */; };
		402C784426EF899500E0FD77 /* two.swift in Sources */ = {isa = PBXBuildFile; fileRef = 402C784326EF899500E0FD77 /* two.swift */; };
		402C784826EF94A200E0FD77 /* CardView.swift in Sources */ = {isa = PBXBuildFile; fileRef = 402C784726EF94A200E0FD77 /* CardView.swift */; };
		402C784A26EF9AAC00E0FD77 /* one.swift in Sources */ = {isa = PBXBuildFile; fileRef = 402C784926EF9AAC00E0FD77 /* one.swift */; };
		402C784C26EF9B0200E0FD77 /* three.swift in Sources */ = {isa = PBXBuildFile; fileRef = 402C784B26EF9B0200E0FD77 /* three.swift */; };
/* End PBXBuildFile section */

/* Begin PBXFileReference section */
		402C783126EF87C600E0FD77 /* AppOne.app */ = {isa = PBXFileReference; explicitFileType = wrapper.application; includeInIndex = 0; path = AppOne.app; sourceTree = BUILT_PRODUCTS_DIR; };
		402C783426EF87C600E0FD77 /* AppOneApp.swift */ = {isa = PBXFileReference; lastKnownFileType = sourcecode.swift; path = AppOneApp.swift; sourceTree = "<group>"; };
		402C783626EF87C600E0FD77 /* ContentView.swift */ = {isa = PBXFileReference; lastKnownFileType = sourcecode.swift; path = ContentView.swift; sourceTree = "<group>"; };
		402C783826EF87C600E0FD77 /* Assets.xcassets */ = {isa = PBXFileReference; lastKnownFileType = folder.assetcatalog; path = Assets.xcassets; sourceTree = "<group>"; };
		402C783B26EF87C600E0FD77 /* Preview Assets.xcassets */ = {isa = PBXFileReference; lastKnownFileType = folder.assetcatalog; path = "Preview Assets.xcassets"; sourceTree = "<group>"; };
		402C783D26EF87C600E0FD77 /* Info.plist */ = {isa = PBXFileReference; lastKnownFileType = text.plist.xml; path = Info.plist; sourceTree = "<group>"; };
		402C784326EF899500E0FD77 /* two.swift */ = {isa = PBXFileReference; lastKnownFileType = sourcecode.swift; path = two.swift; sourceTree = "<group>"; };
		402C784726EF94A200E0FD77 /* CardView.swift */ = {isa = PBXFileReference; lastKnownFileType = sourcecode.swift; path = CardView.swift; sourceTree = "<group>"; };
		402C784926EF9AAC00E0FD77 /* one.swift */ = {isa = PBXFileReference; lastKnownFileType = sourcecode.swift; path = one.swift; sourceTree = "<group>"; };
		402C784B26EF9B0200E0FD77 /* three.swift */ = {isa = PBXFileReference; lastKnownFileType = sourcecode.swift; path = three.swift; sourceTree = "<group>"; };
/* End PBXFileReference section */

/* Begin PBXFrameworksBuildPhase section */
		402C782E26EF87C600E0FD77 /* Frameworks */ = {
			isa = PBXFrameworksBuildPhase;
			buildActionMask = 2147483647;
			files = (
			);
			runOnlyForDeploymentPostprocessing = 0;
		};
/* End PBXFrameworksBuildPhase section */

/* Begin PBXGroup section */
		402C782826EF87C600E0FD77 = {
			isa = PBXGroup;
			children = (
				402C783326EF87C600E0FD77 /* AppOne */,
				402C783226EF87C600E0FD77 /* Products */,
			);
			sourceTree = "<group>";
		};
		402C783226EF87C600E0FD77 /* Products */ = {
			isa = PBXGroup;
			children = (
				402C783126EF87C600E0FD77 /* AppOne.app */,
			);
			name = Products;
			sourceTree = "<group>";
		};
		402C783326EF87C600E0FD77 /* AppOne */ = {
			isa = PBXGroup;
			children = (
				402C783426EF87C600E0FD77 /* AppOneApp.swift */,
				402C784326EF899500E0FD77 /* two.swift */,
				402C784926EF9AAC00E0FD77 /* one.swift */,
				402C783626EF87C600E0FD77 /* ContentView.swift */,
				402C784B26EF9B0200E0FD77 /* three.swift */,
				402C784726EF94A200E0FD77 /* CardView.swift */,
				402C783826EF87C600E0FD77 /* Assets.xcassets */,
				402C783D26EF87C600E0FD77 /* Info.plist */,
				402C783A26EF87C600E0FD77 /* Preview Content */,
			);
			path = AppOne;
			sourceTree = "<group>";
		};
		402C783A26EF87C600E0FD77 /* Preview Content */ = {
			isa = PBXGroup;
			children = (
				402C783B26EF87C600E0FD77 /* Preview Assets.xcassets */,
			);
			path = "Preview Content";
			sourceTree = "<group>";
		};
/* End PBXGroup section */

/* Begin PBXNativeTarget section */
		402C783026EF87C600E0FD77 /* AppOne */ = {
			isa = PBXNativeTarget;
			buildConfigurationList = 402C784026EF87C600E0FD77 /* Build configuration list for PBXNativeTarget "AppOne" */;
			buildPhases = (
				402C782D26EF87C600E0FD77 /* Sources */,
				402C782E26EF87C600E0FD77 /* Frameworks */,
				402C782F26EF87C600E0FD77 /* Resources */,
			);
			buildRules = (
			);
			dependencies = (
			);
			name = AppOne;
			productName = AppOne;
			productReference = 402C783126EF87C600E0FD77 /* AppOne.app */;
			productType = "com.apple.product-type.application";
		};
/* End PBXNativeTarget section */

/* Begin PBXProject section */
		402C782926EF87C600E0FD77 /* Project object */ = {
			isa = PBXProject;
			attributes = {
				LastSwiftUpdateCheck = 1250;
				LastUpgradeCheck = 1250;
				TargetAttributes = {
					402C783026EF87C600E0FD77 = {
						CreatedOnToolsVersion = 12.5.1;
					};
				};
			};
			buildConfigurationList = 402C782C26EF87C600E0FD77 /* Build configuration list for PBXProject "AppOne" */;
			compatibilityVersion = "Xcode 9.3";
			developmentRegion = en;
			hasScannedForEncodings = 0;
			knownRegions = (
				en,
				Base,
			);
			mainGroup = 402C782826EF87C600E0FD77;
			productRefGroup = 402C783226EF87C600E0FD77 /* Products */;
			projectDirPath = "";
			projectRoot = "";
			targets = (
				402C783026EF87C600E0FD77 /* AppOne */,
			);
		};
/* End PBXProject section */

/* Begin PBXResourcesBuildPhase section */
		402C782F26EF87C600E0FD77 /* Resources */ = {
			isa = PBXResourcesBuildPhase;
			buildActionMask = 2147483647;
			files = (
				402C783C26EF87C600E0FD77 /* Preview Assets.xcassets in Resources */,
				402C783926EF87C600E0FD77 /* Assets.xcassets in Resources */,
			);
			runOnlyForDeploymentPostprocessing = 0;
		};
/* End PBXResourcesBuildPhase section */

/* Begin PBXSourcesBuildPhase section */
		402C782D26EF87C600E0FD77 /* Sources */ = {
			isa = PBXSourcesBuildPhase;
			buildActionMask = 2147483647;
			files = (
				402C784C26EF9B0200E0FD77 /* three.swift in Sources */,
				402C783726EF87C600E0FD77 /* ContentView.swift in Sources */,
				402C784A26EF9AAC00E0FD77 /* one.swift in Sources */,
				402C783526EF87C600E0FD77 /* AppOneApp.swift in Sources */,
				402C784426EF899500E0FD77 /* two.swift in Sources */,
				402C784826EF94A200E0FD77 /* CardView.swift in Sources */,
			);
			runOnlyForDeploymentPostprocessing = 0;
		};
/* End PBXSourcesBuildPhase section */

/* Begin XCBuildConfiguration section */
		402C783E26EF87C600E0FD77 /* Debug */ = {
			isa = XCBuildConfiguration;
			buildSettings = {
				ALWAYS_SEARCH_USER_PATHS = NO;
				CLANG_ANALYZER_NONNULL = YES;
				CLANG_ANALYZER_NUMBER_OBJECT_CONVERSION = YES_AGGRESSIVE;
				CLANG_CXX_LANGUAGE_STANDARD = "gnu++14";
				CLANG_CXX_LIBRARY = "libc++";
				CLANG_ENABLE_MODULES = YES;
				CLANG_ENABLE_OBJC_ARC = YES;
				CLANG_ENABLE_OBJC_WEAK = YES;
				CLANG_WARN_BLOCK_CAPTURE_AUTORELEASING = YES;
				CLANG_WARN_BOOL_CONVERSION = YES;
				CLANG_WARN_COMMA = YES;
				CLANG_WARN_CONSTANT_CONVERSION = YES;
				CLANG_WARN_DEPRECATED_OBJC_IMPLEMENTATIONS = YES;
				CLANG_WARN_DIRECT_OBJC_ISA_USAGE = YES_ERROR;
				CLANG_WARN_DOCUMENTATION_COMMENTS = YES;
				CLANG_WARN_EMPTY_BODY = YES;
				CLANG_WARN_ENUM_CONVERSION = YES;
				CLANG_WARN_INFINITE_RECURSION = YES;
				CLANG_WARN_INT_CONVERSION = YES;
				CLANG_WARN_NON_LITERAL_NULL_CONVERSION = YES;
				CLANG_WARN_OBJC_IMPLICIT_RETAIN_SELF = YES;
				CLANG_WARN_OBJC_LITERAL_CONVERSION = YES;
				CLANG_WARN_OBJC_ROOT_CLASS = YES_ERROR;
				CLANG_WARN_QUOTED_INCLUDE_IN_FRAMEWORK_HEADER = YES;
				CLANG_WARN_RANGE_LOOP_ANALYSIS = YES;
				CLANG_WARN_STRICT_PROTOTYPES = YES;
				CLANG_WARN_SUSPICIOUS_MOVE = YES;
				CLANG_WARN_UNGUARDED_AVAILABILITY = YES_AGGRESSIVE;
				CLANG_WARN_UNREACHABLE_CODE = YES;
				CLANG_WARN__DUPLICATE_METHOD_MATCH = YES;
				COPY_PHASE_STRIP = NO;
				DEBUG_INFORMATION_FORMAT = dwarf;
				ENABLE_STRICT_OBJC_MSGSEND = YES;
				ENABLE_TESTABILITY = YES;
				GCC_C_LANGUAGE_STANDARD = gnu11;
				GCC_DYNAMIC_NO_PIC = NO;
				GCC_NO_COMMON_BLOCKS = YES;
				GCC_OPTIMIZATION_LEVEL = 0;
				GCC_PREPROCESSOR_DEFINITIONS = (
					"DEBUG=1",
					"$(inherited)",
				);
				GCC_WARN_64_TO_32_BIT_CONVERSION = YES;
				GCC_WARN_ABOUT_RETURN_TYPE = YES_ERROR;
				GCC_WARN_UNDECLARED_SELECTOR = YES;
				GCC_WARN_UNINITIALIZED_AUTOS = YES_AGGRESSIVE;
				GCC_WARN_UNUSED_FUNCTION = YES;
				GCC_WARN_UNUSED_VARIABLE = YES;
				IPHONEOS_DEPLOYMENT_TARGET = 14.5;
				MTL_ENABLE_DEBUG_INFO = INCLUDE_SOURCE;
				MTL_FAST_MATH = YES;
				ONLY_ACTIVE_ARCH = YES;
				SDKROOT = iphoneos;
				SWIFT_ACTIVE_COMPILATION_CONDITIONS = DEBUG;
				SWIFT_OPTIMIZATION_LEVEL = "-Onone";
			};
			name = Debug;
		};
		402C783F26EF87C600E0FD77 /* Release */ = {
			isa = XCBuildConfiguration;
			buildSettings = {
				ALWAYS_SEARCH_USER_PATHS = NO;
				CLANG_ANALYZER_NONNULL = YES;
				CLANG_ANALYZER_NUMBER_OBJECT_CONVERSION = YES_AGGRESSIVE;
				CLANG_CXX_LANGUAGE_STANDARD = "gnu++14";
				CLANG_CXX_LIBRARY = "libc++";
				CLANG_ENABLE_MODULES = YES;
				CLANG_ENABLE_OBJC_ARC = YES;
				CLANG_ENABLE_OBJC_WEAK = YES;
				CLANG_WARN_BLOCK_CAPTURE_AUTORELEASING = YES;
				CLANG_WARN_BOOL_CONVERSION = YES;
				CLANG_WARN_COMMA = YES;
				CLANG_WARN_CONSTANT_CONVERSION = YES;
				CLANG_WARN_DEPRECATED_OBJC_IMPLEMENTATIONS = YES;
				CLANG_WARN_DIRECT_OBJC_ISA_USAGE = YES_ERROR;
				CLANG_WARN_DOCUMENTATION_COMMENTS = YES;
				CLANG_WARN_EMPTY_BODY = YES;
				CLANG_WARN_ENUM_CONVERSION = YES;
				CLANG_WARN_INFINITE_RECURSION = YES;
				CLANG_WARN_INT_CONVERSION = YES;
				CLANG_WARN_NON_LITERAL_NULL_CONVERSION = YES;
				CLANG_WARN_OBJC_IMPLICIT_RETAIN_SELF = YES;
				CLANG_WARN_OBJC_LITERAL_CONVERSION = YES;
				CLANG_WARN_OBJC_ROOT_CLASS = YES_ERROR;
				CLANG_WARN_QUOTED_INCLUDE_IN_FRAMEWORK_HEADER = YES;
				CLANG_WARN_RANGE_LOOP_ANALYSIS = YES;
				CLANG_WARN_STRICT_PROTOTYPES = YES;
				CLANG_WARN_SUSPICIOUS_MOVE = YES;
				CLANG_WARN_UNGUARDED_AVAILABILITY = YES_AGGRESSIVE;
				CLANG_WARN_UNREACHABLE_CODE = YES;
				CLANG_WARN__DUPLICATE_METHOD_MATCH = YES;
				COPY_PHASE_STRIP = NO;
				DEBUG_INFORMATION_FORMAT = "dwarf-with-dsym";
				ENABLE_NS_ASSERTIONS = NO;
				ENABLE_STRICT_OBJC_MSGSEND = YES;
				GCC_C_LANGUAGE_STANDARD = gnu11;
				GCC_NO_COMMON_BLOCKS = YES;
				GCC_WARN_64_TO_32_BIT_CONVERSION = YES;
				GCC_WARN_ABOUT_RETURN_TYPE = YES_ERROR;
				GCC_WARN_UNDECLARED_SELECTOR = YES;
				GCC_WARN_UNINITIALIZED_AUTOS = YES_AGGRESSIVE;
				GCC_WARN_UNUSED_FUNCTION = YES;
				GCC_WARN_UNUSED_VARIABLE = YES;
				IPHONEOS_DEPLOYMENT_TARGET = 14.5;
				MTL_ENABLE_DEBUG_INFO = NO;
				MTL_FAST_MATH = YES;
				SDKROOT = iphoneos;
				SWIFT_COMPILATION_MODE = wholemodule;
				SWIFT_OPTIMIZATION_LEVEL = "-O";
				VALIDATE_PRODUCT = YES;
			};
			name = Release;
		};
		402C784126EF87C600E0FD77 /* Debug */ = {
			isa = XCBuildConfiguration;
			buildSettings = {
				ASSETCATALOG_COMPILER_APPICON_NAME = AppIcon;
				ASSETCATALOG_COMPILER_GLOBAL_ACCENT_COLOR_NAME = AccentColor;
				CODE_SIGN_STYLE = Automatic;
				DEVELOPMENT_ASSET_PATHS = "\"AppOne/Preview Content\"";
				DEVELOPMENT_TEAM = AX3AGYCSXL;
				ENABLE_PREVIEWS = YES;
				INFOPLIST_FILE = AppOne/Info.plist;
				IPHONEOS_DEPLOYMENT_TARGET = 14.0;
				LD_RUNPATH_SEARCH_PATHS = (
					"$(inherited)",
					"@executable_path/Frameworks",
				);
				PRODUCT_BUNDLE_IDENTIFIER = com.jacobgil.AppOne;
				PRODUCT_NAME = "$(TARGET_NAME)";
				SWIFT_VERSION = 5.0;
				TARGETED_DEVICE_FAMILY = "1,2";
			};
			name = Debug;
		};
		402C784226EF87C600E0FD77 /* Release */ = {
			isa = XCBuildConfiguration;
			buildSettings = {
				ASSETCATALOG_COMPILER_APPICON_NAME = AppIcon;
				ASSETCATALOG_COMPILER_GLOBAL_ACCENT_COLOR_NAME = AccentColor;
				CODE_SIGN_STYLE = Automatic;
				DEVELOPMENT_ASSET_PATHS = "\"AppOne/Preview Content\"";
				DEVELOPMENT_TEAM = AX3AGYCSXL;
				ENABLE_PREVIEWS = YES;
				INFOPLIST_FILE = AppOne/Info.plist;
				IPHONEOS_DEPLOYMENT_TARGET = 14.0;
				LD_RUNPATH_SEARCH_PATHS = (
					"$(inherited)",
					"@executable_path/Frameworks",
				);
				PRODUCT_BUNDLE_IDENTIFIER = com.jacobgil.AppOne;
				PRODUCT_NAME = "$(TARGET_NAME)";
				SWIFT_VERSION = 5.0;
				TARGETED_DEVICE_FAMILY = "1,2";
			};
			name = Release;
		};
/* End XCBuildConfiguration section */

/* Begin XCConfigurationList section */
		402C782C26EF87C600E0FD77 /* Build configuration list for PBXProject "AppOne" */ = {
			isa = XCConfigurationList;
			buildConfigurations = (
				402C783E26EF87C600E0FD77 /* Debug */,
				402C783F26EF87C600E0FD77 /* Release */,
			);
			defaultConfigurationIsVisible = 0;
			defaultConfigurationName = Release;
		};
		402C784026EF87C600E0FD77 /* Build configuration list for PBXNativeTarget "AppOne" */ = {
			isa = XCConfigurationList;
			buildConfigurations = (
				402C784126EF87C600E0FD77 /* Debug */,
				402C784226EF87C600E0FD77 /* Release */,
			);
			defaultConfigurationIsVisible = 0;
			defaultConfigurationName = Release;
		};
/* End XCConfigurationList section */
	};
	rootObject = 402C782926EF87C600E0FD77 /* Project object */;
}
